
Microsoft Visual Studio Solution File, Format Version 12.00
# Visual Studio Version 16
VisualStudioVersion = 16.0.810.8
MinimumVisualStudioVersion = 10.0.40219.1
Project("{FAE04EC0-301F-11D3-BF4B-00C04F79EFBC}") = "EventProducer", "EventProducer.csproj", "{9978AB9F-6978-429D-B46B-69C1DCB85581}"
EndProject
Global
	GlobalSection(SolutionConfigurationPlatforms) = preSolution
		Debug|Any CPU = Debug|Any CPU
		Release|Any CPU = Release|Any CPU
	EndGlobalSection
	GlobalSection(ProjectConfigurationPlatforms) = postSolution
		{9978AB9F-6978-429D-B46B-69C1DCB85581}.Debug|Any CPU.ActiveCfg = Debug|Any CPU
		{9978AB9F-6978-429D-B46B-69C1DCB85581}.Debug|Any CPU.Build.0 = Debug|Any CPU
		{9978AB9F-6978-429D-B46B-69C1DCB85581}.Release|Any CPU.ActiveCfg = Release|Any CPU
		{9978AB9F-6978-429D-B46B-69C1DCB85581}.Release|Any CPU.Build.0 = Release|Any CPU
	EndGlobalSection
	GlobalSection(SolutionProperties) = preSolution
		HideSolutionNode = FALSE
	EndGlobalSection
	GlobalSection(ExtensibilityGlobals) = postSolution
		SolutionGuid = {8490D23D-2769-4F67-B7A4-D7CADC8ECC36}
	EndGlobalSection
EndGlobal
